
Microsoft Visual Studio Solution File, Format Version 12.00
# Visual Studio Version 17
VisualStudioVersion = 17.5.33516.290
MinimumVisualStudioVersion = 10.0.40219.1
Project("{FAE04EC0-301F-11D3-BF4B-00C04F79EFBC}") = "USBShutdown", "USBShutdown\USBShutdown.csproj", "{E41D1C48-C69D-4BC4-95EC-020F0792B65C}"
EndProject
Global
	GlobalSection(SolutionConfigurationPlatforms) = preSolution
		Debug|Any CPU = Debug|Any CPU
		Release|Any CPU = Release|Any CPU
	EndGlobalSection
	GlobalSection(ProjectConfigurationPlatforms) = postSolution
		{E41D1C48-C69D-4BC4-95EC-020F0792B65C}.Debug|Any CPU.ActiveCfg = Debug|Any CPU
		{E41D1C48-C69D-4BC4-95EC-020F0792B65C}.Debug|Any CPU.Build.0 = Debug|Any CPU
		{E41D1C48-C69D-4BC4-95EC-020F0792B65C}.Release|Any CPU.ActiveCfg = Release|Any CPU
		{E41D1C48-C69D-4BC4-95EC-020F0792B65C}.Release|Any CPU.Build.0 = Release|Any CPU
	EndGlobalSection
	GlobalSection(SolutionProperties) = preSolution
		HideSolutionNode = FALSE
	EndGlobalSection
	GlobalSection(ExtensibilityGlobals) = postSolution
		SolutionGuid = {6364AEA3-F451-47D6-801E-5876C05D613E}
	EndGlobalSection
EndGlobal
